// !$*UTF8*$!
{
	archiveVersion = 1;
	classes = {
	};
	objectVersion = 77;
	objects = {

/* Begin PBXBuildFile section */
		601E1F242FC21721007EFC26 /* PFDependencyInjection.framework in Frameworks */ = {isa = PBXBuildFile; fileRef = 601E1F1B2FC21721007EFC26 /* PFDependencyInjection.framework */; };
		601E1F2E2FC21721007EFC26 /* PFDependencyInjection.framework in Frameworks */ = {isa = PBXBuildFile; fileRef = 601E1F1B2FC21721007EFC26 /* PFDependencyInjection.framework */; };
		601E1F2F2FC21721007EFC26 /* PFDependencyInjection.framework in Embed Frameworks */ = {isa = PBXBuildFile; fileRef = 601E1F1B2FC21721007EFC26 /* PFDependencyInjection.framework */; settings = {ATTRIBUTES = (CodeSignOnCopy, RemoveHeadersOnCopy, ); }; };
		601E1F392FC21757007EFC26 /* Dependencies in Frameworks */ = {isa = PBXBuildFile; productRef = 601E1F382FC21757007EFC26 /* Dependencies */; };
		601E1F3B2FC21757007EFC26 /* DependenciesMacros in Frameworks */ = {isa = PBXBuildFile; productRef = 601E1F3A2FC21757007EFC26 /* DependenciesMacros */; };
		601E1F3D2FC21757007EFC26 /* DependenciesTestSupport in Frameworks */ = {isa = PBXBuildFile; productRef = 601E1F3C2FC21757007EFC26 /* DependenciesTestSupport */; };
		601E1F522FC34DD0007EFC26 /* IndirectInstantiation.framework in Frameworks */ = {isa = PBXBuildFile; fileRef = 601E1F492FC34DD0007EFC26 /* IndirectInstantiation.framework */; };
		601E1F5C2FC34DD0007EFC26 /* IndirectInstantiation.framework in Frameworks */ = {isa = PBXBuildFile; fileRef = 601E1F492FC34DD0007EFC26 /* IndirectInstantiation.framework */; };
		601E1F5D2FC34DD0007EFC26 /* IndirectInstantiation.framework in Embed Frameworks */ = {isa = PBXBuildFile; fileRef = 601E1F492FC34DD0007EFC26 /* IndirectInstantiation.framework */; settings = {ATTRIBUTES = (CodeSignOnCopy, RemoveHeadersOnCopy, ); }; };
		602E725D2FCCC63E0011373C /* IsolationNSLock.framework in Frameworks */ = {isa = PBXBuildFile; fileRef = 602E72542FCCC63E0011373C /* IsolationNSLock.framework */; };
		602E72672FCCC63E0011373C /* IsolationNSLock.framework in Frameworks */ = {isa = PBXBuildFile; fileRef = 602E72542FCCC63E0011373C /* IsolationNSLock.framework */; };
		602E72682FCCC63E0011373C /* IsolationNSLock.framework in Embed Frameworks */ = {isa = PBXBuildFile; fileRef = 602E72542FCCC63E0011373C /* IsolationNSLock.framework */; settings = {ATTRIBUTES = (CodeSignOnCopy, RemoveHeadersOnCopy, ); }; };
		602E72812FCCC7DE0011373C /* IsolationOSAllocatedUnfairLock.framework in Frameworks */ = {isa = PBXBuildFile; fileRef = 602E72782FCCC7DE0011373C /* IsolationOSAllocatedUnfairLock.framework */; };
		602E728B2FCCC7DE0011373C /* IsolationOSAllocatedUnfairLock.framework in Frameworks */ = {isa = PBXBuildFile; fileRef = 602E72782FCCC7DE0011373C /* IsolationOSAllocatedUnfairLock.framework */; };
		602E728C2FCCC7DE0011373C /* IsolationOSAllocatedUnfairLock.framework in Embed Frameworks */ = {isa = PBXBuildFile; fileRef = 602E72782FCCC7DE0011373C /* IsolationOSAllocatedUnfairLock.framework */; settings = {ATTRIBUTES = (CodeSignOnCopy, RemoveHeadersOnCopy, ); }; };
/* End PBXBuildFile section */

/* Begin PBXContainerItemProxy section */
		601E1F252FC21721007EFC26 /* PBXContainerItemProxy */ = {
			isa = PBXContainerItemProxy;
			containerPortal = 6090203E2FAE1B42008D0ECD /* Project object */;
			proxyType = 1;
			remoteGlobalIDString = 601E1F1A2FC21721007EFC26;
			remoteInfo = PFDependencyInjection;
		};
		601E1F272FC21721007EFC26 /* PBXContainerItemProxy */ = {
			isa = PBXContainerItemProxy;
			containerPortal = 6090203E2FAE1B42008D0ECD /* Project object */;
			proxyType = 1;
			remoteGlobalIDString = 609020452FAE1B42008D0ECD;
			remoteInfo = Isolation;
		};
		601E1F2C2FC21721007EFC26 /* PBXContainerItemProxy */ = {
			isa = PBXContainerItemProxy;
			containerPortal = 6090203E2FAE1B42008D0ECD /* Project object */;
			proxyType = 1;
			remoteGlobalIDString = 601E1F1A2FC21721007EFC26;
			remoteInfo = PFDependencyInjection;
		};
		601E1F532FC34DD0007EFC26 /* PBXContainerItemProxy */ = {
			isa = PBXContainerItemProxy;
			containerPortal = 6090203E2FAE1B42008D0ECD /* Project object */;
			proxyType = 1;
			remoteGlobalIDString = 601E1F482FC34DD0007EFC26;
			remoteInfo = IndirectInstantiation;
		};
		601E1F552FC34DD0007EFC26 /* PBXContainerItemProxy */ = {
			isa = PBXContainerItemProxy;
			containerPortal = 6090203E2FAE1B42008D0ECD /* Project object */;
			proxyType = 1;
			remoteGlobalIDString = 609020452FAE1B42008D0ECD;
			remoteInfo = Isolation;
		};
		601E1F5A2FC34DD0007EFC26 /* PBXContainerItemProxy */ = {
			isa = PBXContainerItemProxy;
			containerPortal = 6090203E2FAE1B42008D0ECD /* Project object */;
			proxyType = 1;
			remoteGlobalIDString = 601E1F482FC34DD0007EFC26;
			remoteInfo = IndirectInstantiation;
		};
		602E725E2FCCC63E0011373C /* PBXContainerItemProxy */ = {
			isa = PBXContainerItemProxy;
			containerPortal = 6090203E2FAE1B42008D0ECD /* Project object */;
			proxyType = 1;
			remoteGlobalIDString = 602E72532FCCC63E0011373C;
			remoteInfo = IsolationNSLock;
		};
		602E72602FCCC63E0011373C /* PBXContainerItemProxy */ = {
			isa = PBXContainerItemProxy;
			containerPortal = 6090203E2FAE1B42008D0ECD /* Project object */;
			proxyType = 1;
			remoteGlobalIDString = 609020452FAE1B42008D0ECD;
			remoteInfo = Isolation;
		};
		602E72652FCCC63E0011373C /* PBXContainerItemProxy */ = {
			isa = PBXContainerItemProxy;
			containerPortal = 6090203E2FAE1B42008D0ECD /* Project object */;
			proxyType = 1;
			remoteGlobalIDString = 602E72532FCCC63E0011373C;
			remoteInfo = IsolationNSLock;
		};
		602E72822FCCC7DE0011373C /* PBXContainerItemProxy */ = {
			isa = PBXContainerItemProxy;
			containerPortal = 6090203E2FAE1B42008D0ECD /* Project object */;
			proxyType = 1;
			remoteGlobalIDString = 602E72772FCCC7DE0011373C;
			remoteInfo = IsolationOSAllocatedUnfairLock;
		};
		602E72842FCCC7DE0011373C /* PBXContainerItemProxy */ = {
			isa = PBXContainerItemProxy;
			containerPortal = 6090203E2FAE1B42008D0ECD /* Project object */;
			proxyType = 1;
			remoteGlobalIDString = 609020452FAE1B42008D0ECD;
			remoteInfo = Isolation;
		};
		602E72892FCCC7DE0011373C /* PBXContainerItemProxy */ = {
			isa = PBXContainerItemProxy;
			containerPortal = 6090203E2FAE1B42008D0ECD /* Project object */;
			proxyType = 1;
			remoteGlobalIDString = 602E72772FCCC7DE0011373C;
			remoteInfo = IsolationOSAllocatedUnfairLock;
		};
		6090205D2FAE1B43008D0ECD /* PBXContainerItemProxy */ = {
			isa = PBXContainerItemProxy;
			containerPortal = 6090203E2FAE1B42008D0ECD /* Project object */;
			proxyType = 1;
			remoteGlobalIDString = 609020452FAE1B42008D0ECD;
			remoteInfo = Isolation;
		};
/* End PBXContainerItemProxy section */

/* Begin PBXCopyFilesBuildPhase section */
		601E1F332FC21721007EFC26 /* Embed Frameworks */ = {
			isa = PBXCopyFilesBuildPhase;
			buildActionMask = 2147483647;
			dstPath = "";
			dstSubfolderSpec = 10;
			files = (
				602E72682FCCC63E0011373C /* IsolationNSLock.framework in Embed Frameworks */,
				601E1F5D2FC34DD0007EFC26 /* IndirectInstantiation.framework in Embed Frameworks */,
				601E1F2F2FC21721007EFC26 /* PFDependencyInjection.framework in Embed Frameworks */,
				602E728C2FCCC7DE0011373C /* IsolationOSAllocatedUnfairLock.framework in Embed Frameworks */,
			);
			name = "Embed Frameworks";
			runOnlyForDeploymentPostprocessing = 0;
		};
/* End PBXCopyFilesBuildPhase section */

/* Begin PBXFileReference section */
		601E1F1B2FC21721007EFC26 /* PFDependencyInjection.framework */ = {isa = PBXFileReference; explicitFileType = wrapper.framework; includeInIndex = 0; path = PFDependencyInjection.framework; sourceTree = BUILT_PRODUCTS_DIR; };
		601E1F232FC21721007EFC26 /* PFDependencyInjectionTests.xctest */ = {isa = PBXFileReference; explicitFileType = wrapper.cfbundle; includeInIndex = 0; path = PFDependencyInjectionTests.xctest; sourceTree = BUILT_PRODUCTS_DIR; };
		601E1F492FC34DD0007EFC26 /* IndirectInstantiation.framework */ = {isa = PBXFileReference; explicitFileType = wrapper.framework; includeInIndex = 0; path = IndirectInstantiation.framework; sourceTree = BUILT_PRODUCTS_DIR; };
		601E1F512FC34DD0007EFC26 /* IndirectInstantiationTests.xctest */ = {isa = PBXFileReference; explicitFileType = wrapper.cfbundle; includeInIndex = 0; path = IndirectInstantiationTests.xctest; sourceTree = BUILT_PRODUCTS_DIR; };
		602E72542FCCC63E0011373C /* IsolationNSLock.framework */ = {isa = PBXFileReference; explicitFileType = wrapper.framework; includeInIndex = 0; path = IsolationNSLock.framework; sourceTree = BUILT_PRODUCTS_DIR; };
		602E725C2FCCC63E0011373C /* IsolationNSLockTests.xctest */ = {isa = PBXFileReference; explicitFileType = wrapper.cfbundle; includeInIndex = 0; path = IsolationNSLockTests.xctest; sourceTree = BUILT_PRODUCTS_DIR; };
		602E72782FCCC7DE0011373C /* IsolationOSAllocatedUnfairLock.framework */ = {isa = PBXFileReference; explicitFileType = wrapper.framework; includeInIndex = 0; path = IsolationOSAllocatedUnfairLock.framework; sourceTree = BUILT_PRODUCTS_DIR; };
		602E72802FCCC7DE0011373C /* IsolationOSAllocatedUnfairLockTests.xctest */ = {isa = PBXFileReference; explicitFileType = wrapper.cfbundle; includeInIndex = 0; path = IsolationOSAllocatedUnfairLockTests.xctest; sourceTree = BUILT_PRODUCTS_DIR; };
		609020462FAE1B42008D0ECD /* Isolation.app */ = {isa = PBXFileReference; explicitFileType = wrapper.application; includeInIndex = 0; path = Isolation.app; sourceTree = BUILT_PRODUCTS_DIR; };
		6090205C2FAE1B43008D0ECD /* IsolationTests.xctest */ = {isa = PBXFileReference; explicitFileType = wrapper.cfbundle; includeInIndex = 0; path = IsolationTests.xctest; sourceTree = BUILT_PRODUCTS_DIR; };
/* End PBXFileReference section */

/* Begin PBXFileSystemSynchronizedBuildFileExceptionSet section */
		6090206E2FAE1B43008D0ECD /* Exceptions for "Isolation" folder in "Isolation" target */ = {
			isa = PBXFileSystemSynchronizedBuildFileExceptionSet;
			membershipExceptions = (
				Info.plist,
			);
			target = 609020452FAE1B42008D0ECD /* Isolation */;
		};
/* End PBXFileSystemSynchronizedBuildFileExceptionSet section */

/* Begin PBXFileSystemSynchronizedRootGroup section */
		601E1F1C2FC21721007EFC26 /* PFDependencyInjection */ = {
			isa = PBXFileSystemSynchronizedRootGroup;
			path = PFDependencyInjection;
			sourceTree = "<group>";
		};
		601E1F292FC21721007EFC26 /* PFDependencyInjectionTests */ = {
			isa = PBXFileSystemSynchronizedRootGroup;
			path = PFDependencyInjectionTests;
			sourceTree = "<group>";
		};
		601E1F4A2FC34DD0007EFC26 /* IndirectInstantiation */ = {
			isa = PBXFileSystemSynchronizedRootGroup;
			path = IndirectInstantiation;
			sourceTree = "<group>";
		};
		601E1F572FC34DD0007EFC26 /* IndirectInstantiationTests */ = {
			isa = PBXFileSystemSynchronizedRootGroup;
			path = IndirectInstantiationTests;
			sourceTree = "<group>";
		};
		602E72552FCCC63E0011373C /* IsolationNSLock */ = {
			isa = PBXFileSystemSynchronizedRootGroup;
			path = IsolationNSLock;
			sourceTree = "<group>";
		};
		602E72622FCCC63E0011373C /* IsolationNSLockTests */ = {
			isa = PBXFileSystemSynchronizedRootGroup;
			path = IsolationNSLockTests;
			sourceTree = "<group>";
		};
		602E72792FCCC7DE0011373C /* IsolationOSAllocatedUnfairLock */ = {
			isa = PBXFileSystemSynchronizedRootGroup;
			path = IsolationOSAllocatedUnfairLock;
			sourceTree = "<group>";
		};
		602E72862FCCC7DE0011373C /* IsolationOSAllocatedUnfairLockTests */ = {
			isa = PBXFileSystemSynchronizedRootGroup;
			path = IsolationOSAllocatedUnfairLockTests;
			sourceTree = "<group>";
		};
		609020482FAE1B42008D0ECD /* Isolation */ = {
			isa = PBXFileSystemSynchronizedRootGroup;
			exceptions = (
				6090206E2FAE1B43008D0ECD /* Exceptions for "Isolation" folder in "Isolation" target */,
			);
			path = Isolation;
			sourceTree = "<group>";
		};
		6090205F2FAE1B43008D0ECD /* IsolationTests */ = {
			isa = PBXFileSystemSynchronizedRootGroup;
			path = IsolationTests;
			sourceTree = "<group>";
		};
		609020692FAE1B43008D0ECD /* IsolationUITests */ = {
			isa = PBXFileSystemSynchronizedRootGroup;
			path = IsolationUITests;
			sourceTree = "<group>";
		};
/* End PBXFileSystemSynchronizedRootGroup section */

/* Begin PBXFrameworksBuildPhase section */
		601E1F182FC21721007EFC26 /* Frameworks */ = {
			isa = PBXFrameworksBuildPhase;
			buildActionMask = 2147483647;
			files = (
				601E1F3B2FC21757007EFC26 /* DependenciesMacros in Frameworks */,
				601E1F392FC21757007EFC26 /* Dependencies in Frameworks */,
			);
			runOnlyForDeploymentPostprocessing = 0;
		};
		601E1F202FC21721007EFC26 /* Frameworks */ = {
			isa = PBXFrameworksBuildPhase;
			buildActionMask = 2147483647;
			files = (
				601E1F242FC21721007EFC26 /* PFDependencyInjection.framework in Frameworks */,
				601E1F3D2FC21757007EFC26 /* DependenciesTestSupport in Frameworks */,
			);
			runOnlyForDeploymentPostprocessing = 0;
		};
		601E1F462FC34DD0007EFC26 /* Frameworks */ = {
			isa = PBXFrameworksBuildPhase;
			buildActionMask = 2147483647;
			files = (
			);
			runOnlyForDeploymentPostprocessing = 0;
		};
		601E1F4E2FC34DD0007EFC26 /* Frameworks */ = {
			isa = PBXFrameworksBuildPhase;
			buildActionMask = 2147483647;
			files = (
				601E1F522FC34DD0007EFC26 /* IndirectInstantiation.framework in Frameworks */,
			);
			runOnlyForDeploymentPostprocessing = 0;
		};
		602E72512FCCC63E0011373C /* Frameworks */ = {
			isa = PBXFrameworksBuildPhase;
			buildActionMask = 2147483647;
			files = (
			);
			runOnlyForDeploymentPostprocessing = 0;
		};
		602E72592FCCC63E0011373C /* Frameworks */ = {
			isa = PBXFrameworksBuildPhase;
			buildActionMask = 2147483647;
			files = (
				602E725D2FCCC63E0011373C /* IsolationNSLock.framework in Frameworks */,
			);
			runOnlyForDeploymentPostprocessing = 0;
		};
		602E72752FCCC7DE0011373C /* Frameworks */ = {
			isa = PBXFrameworksBuildPhase;
			buildActionMask = 2147483647;
			files = (
			);
			runOnlyForDeploymentPostprocessing = 0;
		};
		602E727D2FCCC7DE0011373C /* Frameworks */ = {
			isa = PBXFrameworksBuildPhase;
			buildActionMask = 2147483647;
			files = (
				602E72812FCCC7DE0011373C /* IsolationOSAllocatedUnfairLock.framework in Frameworks */,
			);
			runOnlyForDeploymentPostprocessing = 0;
		};
		609020432FAE1B42008D0ECD /* Frameworks */ = {
			isa = PBXFrameworksBuildPhase;
			buildActionMask = 2147483647;
			files = (
				602E72672FCCC63E0011373C /* IsolationNSLock.framework in Frameworks */,
				601E1F5C2FC34DD0007EFC26 /* IndirectInstantiation.framework in Frameworks */,
				601E1F2E2FC21721007EFC26 /* PFDependencyInjection.framework in Frameworks */,
				602E728B2FCCC7DE0011373C /* IsolationOSAllocatedUnfairLock.framework in Frameworks */,
			);
			runOnlyForDeploymentPostprocessing = 0;
		};
		609020592FAE1B43008D0ECD /* Frameworks */ = {
			isa = PBXFrameworksBuildPhase;
			buildActionMask = 2147483647;
			files = (
			);
			runOnlyForDeploymentPostprocessing = 0;
		};
/* End PBXFrameworksBuildPhase section */

/* Begin PBXGroup section */
		6090203D2FAE1B42008D0ECD = {
			isa = PBXGroup;
			children = (
				609020482FAE1B42008D0ECD /* Isolation */,
				6090205F2FAE1B43008D0ECD /* IsolationTests */,
				609020692FAE1B43008D0ECD /* IsolationUITests */,
				601E1F1C2FC21721007EFC26 /* PFDependencyInjection */,
				601E1F292FC21721007EFC26 /* PFDependencyInjectionTests */,
				601E1F4A2FC34DD0007EFC26 /* IndirectInstantiation */,
				601E1F572FC34DD0007EFC26 /* IndirectInstantiationTests */,
				602E72552FCCC63E0011373C /* IsolationNSLock */,
				602E72622FCCC63E0011373C /* IsolationNSLockTests */,
				602E72792FCCC7DE0011373C /* IsolationOSAllocatedUnfairLock */,
				602E72862FCCC7DE0011373C /* IsolationOSAllocatedUnfairLockTests */,
				609020472FAE1B42008D0ECD /* Products */,
			);
			sourceTree = "<group>";
		};
		609020472FAE1B42008D0ECD /* Products */ = {
			isa = PBXGroup;
			children = (
				609020462FAE1B42008D0ECD /* Isolation.app */,
				6090205C2FAE1B43008D0ECD /* IsolationTests.xctest */,
				601E1F1B2FC21721007EFC26 /* PFDependencyInjection.framework */,
				601E1F232FC21721007EFC26 /* PFDependencyInjectionTests.xctest */,
				601E1F492FC34DD0007EFC26 /* IndirectInstantiation.framework */,
				601E1F512FC34DD0007EFC26 /* IndirectInstantiationTests.xctest */,
				602E72542FCCC63E0011373C /* IsolationNSLock.framework */,
				602E725C2FCCC63E0011373C /* IsolationNSLockTests.xctest */,
				602E72782FCCC7DE0011373C /* IsolationOSAllocatedUnfairLock.framework */,
				602E72802FCCC7DE0011373C /* IsolationOSAllocatedUnfairLockTests.xctest */,
			);
			name = Products;
			sourceTree = "<group>";
		};
/* End PBXGroup section */

/* Begin PBXHeadersBuildPhase section */
		601E1F162FC21721007EFC26 /* Headers */ = {
			isa = PBXHeadersBuildPhase;
			buildActionMask = 2147483647;
			files = (
			);
			runOnlyForDeploymentPostprocessing = 0;
		};
		601E1F442FC34DD0007EFC26 /* Headers */ = {
			isa = PBXHeadersBuildPhase;
			buildActionMask = 2147483647;
			files = (
			);
			runOnlyForDeploymentPostprocessing = 0;
		};
		602E724F2FCCC63E0011373C /* Headers */ = {
			isa = PBXHeadersBuildPhase;
			buildActionMask = 2147483647;
			files = (
			);
			runOnlyForDeploymentPostprocessing = 0;
		};
		602E72732FCCC7DE0011373C /* Headers */ = {
			isa = PBXHeadersBuildPhase;
			buildActionMask = 2147483647;
			files = (
			);
			runOnlyForDeploymentPostprocessing = 0;
		};
/* End PBXHeadersBuildPhase section */

/* Begin PBXNativeTarget section */
		601E1F1A2FC21721007EFC26 /* PFDependencyInjection */ = {
			isa = PBXNativeTarget;
			buildConfigurationList = 601E1F302FC21721007EFC26 /* Build configuration list for PBXNativeTarget "PFDependencyInjection" */;
			buildPhases = (
				601E1F162FC21721007EFC26 /* Headers */,
				601E1F172FC21721007EFC26 /* Sources */,
				601E1F182FC21721007EFC26 /* Frameworks */,
				601E1F192FC21721007EFC26 /* Resources */,
			);
			buildRules = (
			);
			dependencies = (
			);
			fileSystemSynchronizedGroups = (
				601E1F1C2FC21721007EFC26 /* PFDependencyInjection */,
			);
			name = PFDependencyInjection;
			packageProductDependencies = (
				601E1F382FC21757007EFC26 /* Dependencies */,
				601E1F3A2FC21757007EFC26 /* DependenciesMacros */,
			);
			productName = PFDependencyInjection;
			productReference = 601E1F1B2FC21721007EFC26 /* PFDependencyInjection.framework */;
			productType = "com.apple.product-type.framework";
		};
		601E1F222FC21721007EFC26 /* PFDependencyInjectionTests */ = {
			isa = PBXNativeTarget;
			buildConfigurationList = 601E1F342FC21721007EFC26 /* Build configuration list for PBXNativeTarget "PFDependencyInjectionTests" */;
			buildPhases = (
				601E1F1F2FC21721007EFC26 /* Sources */,
				601E1F202FC21721007EFC26 /* Frameworks */,
				601E1F212FC21721007EFC26 /* Resources */,
			);
			buildRules = (
			);
			dependencies = (
				601E1F262FC21721007EFC26 /* PBXTargetDependency */,
				601E1F282FC21721007EFC26 /* PBXTargetDependency */,
			);
			fileSystemSynchronizedGroups = (
				601E1F292FC21721007EFC26 /* PFDependencyInjectionTests */,
			);
			name = PFDependencyInjectionTests;
			packageProductDependencies = (
				601E1F3C2FC21757007EFC26 /* DependenciesTestSupport */,
			);
			productName = PFDependencyInjectionTests;
			productReference = 601E1F232FC21721007EFC26 /* PFDependencyInjectionTests.xctest */;
			productType = "com.apple.product-type.bundle.unit-test";
		};
		601E1F482FC34DD0007EFC26 /* IndirectInstantiation */ = {
			isa = PBXNativeTarget;
			buildConfigurationList = 601E1F5E2FC34DD0007EFC26 /* Build configuration list for PBXNativeTarget "IndirectInstantiation" */;
			buildPhases = (
				601E1F442FC34DD0007EFC26 /* Headers */,
				601E1F452FC34DD0007EFC26 /* Sources */,
				601E1F462FC34DD0007EFC26 /* Frameworks */,
				601E1F472FC34DD0007EFC26 /* Resources */,
			);
			buildRules = (
			);
			dependencies = (
			);
			fileSystemSynchronizedGroups = (
				601E1F4A2FC34DD0007EFC26 /* IndirectInstantiation */,
			);
			name = IndirectInstantiation;
			packageProductDependencies = (
			);
			productName = IndirectInstantiation;
			productReference = 601E1F492FC34DD0007EFC26 /* IndirectInstantiation.framework */;
			productType = "com.apple.product-type.framework";
		};
		601E1F502FC34DD0007EFC26 /* IndirectInstantiationTests */ = {
			isa = PBXNativeTarget;
			buildConfigurationList = 601E1F612FC34DD0007EFC26 /* Build configuration list for PBXNativeTarget "IndirectInstantiationTests" */;
			buildPhases = (
				601E1F4D2FC34DD0007EFC26 /* Sources */,
				601E1F4E2FC34DD0007EFC26 /* Frameworks */,
				601E1F4F2FC34DD0007EFC26 /* Resources */,
			);
			buildRules = (
			);
			dependencies = (
				601E1F542FC34DD0007EFC26 /* PBXTargetDependency */,
				601E1F562FC34DD0007EFC26 /* PBXTargetDependency */,
			);
			fileSystemSynchronizedGroups = (
				601E1F572FC34DD0007EFC26 /* IndirectInstantiationTests */,
			);
			name = IndirectInstantiationTests;
			packageProductDependencies = (
			);
			productName = IndirectInstantiationTests;
			productReference = 601E1F512FC34DD0007EFC26 /* IndirectInstantiationTests.xctest */;
			productType = "com.apple.product-type.bundle.unit-test";
		};
		602E72532FCCC63E0011373C /* IsolationNSLock */ = {
			isa = PBXNativeTarget;
			buildConfigurationList = 602E72692FCCC63E0011373C /* Build configuration list for PBXNativeTarget "IsolationNSLock" */;
			buildPhases = (
				602E724F2FCCC63E0011373C /* Headers */,
				602E72502FCCC63E0011373C /* Sources */,
				602E72512FCCC63E0011373C /* Frameworks */,
				602E72522FCCC63E0011373C /* Resources */,
			);
			buildRules = (
			);
			dependencies = (
			);
			fileSystemSynchronizedGroups = (
				602E72552FCCC63E0011373C /* IsolationNSLock */,
			);
			name = IsolationNSLock;
			packageProductDependencies = (
			);
			productName = IsolationNSLock;
			productReference = 602E72542FCCC63E0011373C /* IsolationNSLock.framework */;
			productType = "com.apple.product-type.framework";
		};
		602E725B2FCCC63E0011373C /* IsolationNSLockTests */ = {
			isa = PBXNativeTarget;
			buildConfigurationList = 602E726C2FCCC63E0011373C /* Build configuration list for PBXNativeTarget "IsolationNSLockTests" */;
			buildPhases = (
				602E72582FCCC63E0011373C /* Sources */,
				602E72592FCCC63E0011373C /* Frameworks */,
				602E725A2FCCC63E0011373C /* Resources */,
			);
			buildRules = (
			);
			dependencies = (
				602E725F2FCCC63E0011373C /* PBXTargetDependency */,
				602E72612FCCC63E0011373C /* PBXTargetDependency */,
			);
			fileSystemSynchronizedGroups = (
				602E72622FCCC63E0011373C /* IsolationNSLockTests */,
			);
			name = IsolationNSLockTests;
			packageProductDependencies = (
			);
			productName = IsolationNSLockTests;
			productReference = 602E725C2FCCC63E0011373C /* IsolationNSLockTests.xctest */;
			productType = "com.apple.product-type.bundle.unit-test";
		};
		602E72772FCCC7DE0011373C /* IsolationOSAllocatedUnfairLock */ = {
			isa = PBXNativeTarget;
			buildConfigurationList = 602E728D2FCCC7DE0011373C /* Build configuration list for PBXNativeTarget "IsolationOSAllocatedUnfairLock" */;
			buildPhases = (
				602E72732FCCC7DE0011373C /* Headers */,
				602E72742FCCC7DE0011373C /* Sources */,
				602E72752FCCC7DE0011373C /* Frameworks */,
				602E72762FCCC7DE0011373C /* Resources */,
			);
			buildRules = (
			);
			dependencies = (
			);
			fileSystemSynchronizedGroups = (
				602E72792FCCC7DE0011373C /* IsolationOSAllocatedUnfairLock */,
			);
			name = IsolationOSAllocatedUnfairLock;
			packageProductDependencies = (
			);
			productName = IsolationOSAllocatedUnfairLock;
			productReference = 602E72782FCCC7DE0011373C /* IsolationOSAllocatedUnfairLock.framework */;
			productType = "com.apple.product-type.framework";
		};
		602E727F2FCCC7DE0011373C /* IsolationOSAllocatedUnfairLockTests */ = {
			isa = PBXNativeTarget;
			buildConfigurationList = 602E72902FCCC7DE0011373C /* Build configuration list for PBXNativeTarget "IsolationOSAllocatedUnfairLockTests" */;
			buildPhases = (
				602E727C2FCCC7DE0011373C /* Sources */,
				602E727D2FCCC7DE0011373C /* Frameworks */,
				602E727E2FCCC7DE0011373C /* Resources */,
			);
			buildRules = (
			);
			dependencies = (
				602E72832FCCC7DE0011373C /* PBXTargetDependency */,
				602E72852FCCC7DE0011373C /* PBXTargetDependency */,
			);
			fileSystemSynchronizedGroups = (
				602E72862FCCC7DE0011373C /* IsolationOSAllocatedUnfairLockTests */,
			);
			name = IsolationOSAllocatedUnfairLockTests;
			packageProductDependencies = (
			);
			productName = IsolationOSAllocatedUnfairLockTests;
			productReference = 602E72802FCCC7DE0011373C /* IsolationOSAllocatedUnfairLockTests.xctest */;
			productType = "com.apple.product-type.bundle.unit-test";
		};
		609020452FAE1B42008D0ECD /* Isolation */ = {
			isa = PBXNativeTarget;
			buildConfigurationList = 6090206F2FAE1B43008D0ECD /* Build configuration list for PBXNativeTarget "Isolation" */;
			buildPhases = (
				609020422FAE1B42008D0ECD /* Sources */,
				609020432FAE1B42008D0ECD /* Frameworks */,
				609020442FAE1B42008D0ECD /* Resources */,
				601E1F332FC21721007EFC26 /* Embed Frameworks */,
			);
			buildRules = (
			);
			dependencies = (
				601E1F2D2FC21721007EFC26 /* PBXTargetDependency */,
				601E1F5B2FC34DD0007EFC26 /* PBXTargetDependency */,
				602E72662FCCC63E0011373C /* PBXTargetDependency */,
				602E728A2FCCC7DE0011373C /* PBXTargetDependency */,
			);
			fileSystemSynchronizedGroups = (
				609020482FAE1B42008D0ECD /* Isolation */,
			);
			name = Isolation;
			packageProductDependencies = (
			);
			productName = Isolation;
			productReference = 609020462FAE1B42008D0ECD /* Isolation.app */;
			productType = "com.apple.product-type.application";
		};
		6090205B2FAE1B43008D0ECD /* IsolationTests */ = {
			isa = PBXNativeTarget;
			buildConfigurationList = 609020742FAE1B43008D0ECD /* Build configuration list for PBXNativeTarget "IsolationTests" */;
			buildPhases = (
				609020582FAE1B43008D0ECD /* Sources */,
				609020592FAE1B43008D0ECD /* Frameworks */,
				6090205A2FAE1B43008D0ECD /* Resources */,
			);
			buildRules = (
			);
			dependencies = (
				6090205E2FAE1B43008D0ECD /* PBXTargetDependency */,
			);
			fileSystemSynchronizedGroups = (
				6090205F2FAE1B43008D0ECD /* IsolationTests */,
			);
			name = IsolationTests;
			packageProductDependencies = (
			);
			productName = IsolationTests;
			productReference = 6090205C2FAE1B43008D0ECD /* IsolationTests.xctest */;
			productType = "com.apple.product-type.bundle.unit-test";
		};
/* End PBXNativeTarget section */

/* Begin PBXProject section */
		6090203E2FAE1B42008D0ECD /* Project object */ = {
			isa = PBXProject;
			attributes = {
				BuildIndependentTargetsInParallel = 1;
				LastSwiftUpdateCheck = 2650;
				LastUpgradeCheck = 2640;
				TargetAttributes = {
					601E1F1A2FC21721007EFC26 = {
						CreatedOnToolsVersion = 26.5;
					};
					601E1F222FC21721007EFC26 = {
						CreatedOnToolsVersion = 26.5;
						TestTargetID = 609020452FAE1B42008D0ECD;
					};
					601E1F482FC34DD0007EFC26 = {
						CreatedOnToolsVersion = 26.5;
					};
					601E1F502FC34DD0007EFC26 = {
						CreatedOnToolsVersion = 26.5;
						TestTargetID = 609020452FAE1B42008D0ECD;
					};
					602E72532FCCC63E0011373C = {
						CreatedOnToolsVersion = 26.5;
					};
					602E725B2FCCC63E0011373C = {
						CreatedOnToolsVersion = 26.5;
						TestTargetID = 609020452FAE1B42008D0ECD;
					};
					602E72772FCCC7DE0011373C = {
						CreatedOnToolsVersion = 26.5;
					};
					602E727F2FCCC7DE0011373C = {
						CreatedOnToolsVersion = 26.5;
						TestTargetID = 609020452FAE1B42008D0ECD;
					};
					609020452FAE1B42008D0ECD = {
						CreatedOnToolsVersion = 26.4;
					};
					6090205B2FAE1B43008D0ECD = {
						CreatedOnToolsVersion = 26.4;
						TestTargetID = 609020452FAE1B42008D0ECD;
					};
				};
			};
			buildConfigurationList = 609020412FAE1B42008D0ECD /* Build configuration list for PBXProject "Isolation" */;
			developmentRegion = en;
			hasScannedForEncodings = 0;
			knownRegions = (
				en,
				Base,
			);
			mainGroup = 6090203D2FAE1B42008D0ECD;
			minimizedProjectReferenceProxies = 1;
			packageReferences = (
				601E1F372FC21757007EFC26 /* XCRemoteSwiftPackageReference "swift-dependencies" */,
			);
			preferredProjectObjectVersion = 77;
			productRefGroup = 609020472FAE1B42008D0ECD /* Products */;
			projectDirPath = "";
			projectRoot = "";
			targets = (
				609020452FAE1B42008D0ECD /* Isolation */,
				6090205B2FAE1B43008D0ECD /* IsolationTests */,
				601E1F1A2FC21721007EFC26 /* PFDependencyInjection */,
				601E1F222FC21721007EFC26 /* PFDependencyInjectionTests */,
				601E1F482FC34DD0007EFC26 /* IndirectInstantiation */,
				601E1F502FC34DD0007EFC26 /* IndirectInstantiationTests */,
				602E72532FCCC63E0011373C /* IsolationNSLock */,
				602E725B2FCCC63E0011373C /* IsolationNSLockTests */,
				602E72772FCCC7DE0011373C /* IsolationOSAllocatedUnfairLock */,
				602E727F2FCCC7DE0011373C /* IsolationOSAllocatedUnfairLockTests */,
			);
		};
/* End PBXProject section */

/* Begin PBXResourcesBuildPhase section */
		601E1F192FC21721007EFC26 /* Resources */ = {
			isa = PBXResourcesBuildPhase;
			buildActionMask = 2147483647;
			files = (
			);
			runOnlyForDeploymentPostprocessing = 0;
		};
		601E1F212FC21721007EFC26 /* Resources */ = {
			isa = PBXResourcesBuildPhase;
			buildActionMask = 2147483647;
			files = (
			);
			runOnlyForDeploymentPostprocessing = 0;
		};
		601E1F472FC34DD0007EFC26 /* Resources */ = {
			isa = PBXResourcesBuildPhase;
			buildActionMask = 2147483647;
			files = (
			);
			runOnlyForDeploymentPostprocessing = 0;
		};
		601E1F4F2FC34DD0007EFC26 /* Resources */ = {
			isa = PBXResourcesBuildPhase;
			buildActionMask = 2147483647;
			files = (
			);
			runOnlyForDeploymentPostprocessing = 0;
		};
		602E72522FCCC63E0011373C /* Resources */ = {
			isa = PBXResourcesBuildPhase;
			buildActionMask = 2147483647;
			files = (
			);
			runOnlyForDeploymentPostprocessing = 0;
		};
		602E725A2FCCC63E0011373C /* Resources */ = {
			isa = PBXResourcesBuildPhase;
			buildActionMask = 2147483647;
			files = (
			);
			runOnlyForDeploymentPostprocessing = 0;
		};
		602E72762FCCC7DE0011373C /* Resources */ = {
			isa = PBXResourcesBuildPhase;
			buildActionMask = 2147483647;
			files = (
			);
			runOnlyForDeploymentPostprocessing = 0;
		};
		602E727E2FCCC7DE0011373C /* Resources */ = {
			isa = PBXResourcesBuildPhase;
			buildActionMask = 2147483647;
			files = (
			);
			runOnlyForDeploymentPostprocessing = 0;
		};
		609020442FAE1B42008D0ECD /* Resources */ = {
			isa = PBXResourcesBuildPhase;
			buildActionMask = 2147483647;
			files = (
			);
			runOnlyForDeploymentPostprocessing = 0;
		};
		6090205A2FAE1B43008D0ECD /* Resources */ = {
			isa = PBXResourcesBuildPhase;
			buildActionMask = 2147483647;
			files = (
			);
			runOnlyForDeploymentPostprocessing = 0;
		};
/* End PBXResourcesBuildPhase section */

/* Begin PBXSourcesBuildPhase section */
		601E1F172FC21721007EFC26 /* Sources */ = {
			isa = PBXSourcesBuildPhase;
			buildActionMask = 2147483647;
			files = (
			);
			runOnlyForDeploymentPostprocessing = 0;
		};
		601E1F1F2FC21721007EFC26 /* Sources */ = {
			isa = PBXSourcesBuildPhase;
			buildActionMask = 2147483647;
			files = (
			);
			runOnlyForDeploymentPostprocessing = 0;
		};
		601E1F452FC34DD0007EFC26 /* Sources */ = {
			isa = PBXSourcesBuildPhase;
			buildActionMask = 2147483647;
			files = (
			);
			runOnlyForDeploymentPostprocessing = 0;
		};
		601E1F4D2FC34DD0007EFC26 /* Sources */ = {
			isa = PBXSourcesBuildPhase;
			buildActionMask = 2147483647;
			files = (
			);
			runOnlyForDeploymentPostprocessing = 0;
		};
		602E72502FCCC63E0011373C /* Sources */ = {
			isa = PBXSourcesBuildPhase;
			buildActionMask = 2147483647;
			files = (
			);
			runOnlyForDeploymentPostprocessing = 0;
		};
		602E72582FCCC63E0011373C /* Sources */ = {
			isa = PBXSourcesBuildPhase;
			buildActionMask = 2147483647;
			files = (
			);
			runOnlyForDeploymentPostprocessing = 0;
		};
		602E72742FCCC7DE0011373C /* Sources */ = {
			isa = PBXSourcesBuildPhase;
			buildActionMask = 2147483647;
			files = (
			);
			runOnlyForDeploymentPostprocessing = 0;
		};
		602E727C2FCCC7DE0011373C /* Sources */ = {
			isa = PBXSourcesBuildPhase;
			buildActionMask = 2147483647;
			files = (
			);
			runOnlyForDeploymentPostprocessing = 0;
		};
		609020422FAE1B42008D0ECD /* Sources */ = {
			isa = PBXSourcesBuildPhase;
			buildActionMask = 2147483647;
			files = (
			);
			runOnlyForDeploymentPostprocessing = 0;
		};
		609020582FAE1B43008D0ECD /* Sources */ = {
			isa = PBXSourcesBuildPhase;
			buildActionMask = 2147483647;
			files = (
			);
			runOnlyForDeploymentPostprocessing = 0;
		};
/* End PBXSourcesBuildPhase section */

/* Begin PBXTargetDependency section */
		601E1F262FC21721007EFC26 /* PBXTargetDependency */ = {
			isa = PBXTargetDependency;
			target = 601E1F1A2FC21721007EFC26 /* PFDependencyInjection */;
			targetProxy = 601E1F252FC21721007EFC26 /* PBXContainerItemProxy */;
		};
		601E1F282FC21721007EFC26 /* PBXTargetDependency */ = {
			isa = PBXTargetDependency;
			target = 609020452FAE1B42008D0ECD /* Isolation */;
			targetProxy = 601E1F272FC21721007EFC26 /* PBXContainerItemProxy */;
		};
		601E1F2D2FC21721007EFC26 /* PBXTargetDependency */ = {
			isa = PBXTargetDependency;
			target = 601E1F1A2FC21721007EFC26 /* PFDependencyInjection */;
			targetProxy = 601E1F2C2FC21721007EFC26 /* PBXContainerItemProxy */;
		};
		601E1F542FC34DD0007EFC26 /* PBXTargetDependency */ = {
			isa = PBXTargetDependency;
			target = 601E1F482FC34DD0007EFC26 /* IndirectInstantiation */;
			targetProxy = 601E1F532FC34DD0007EFC26 /* PBXContainerItemProxy */;
		};
		601E1F562FC34DD0007EFC26 /* PBXTargetDependency */ = {
			isa = PBXTargetDependency;
			target = 609020452FAE1B42008D0ECD /* Isolation */;
			targetProxy = 601E1F552FC34DD0007EFC26 /* PBXContainerItemProxy */;
		};
		601E1F5B2FC34DD0007EFC26 /* PBXTargetDependency */ = {
			isa = PBXTargetDependency;
			target = 601E1F482FC34DD0007EFC26 /* IndirectInstantiation */;
			targetProxy = 601E1F5A2FC34DD0007EFC26 /* PBXContainerItemProxy */;
		};
		602E725F2FCCC63E0011373C /* PBXTargetDependency */ = {
			isa = PBXTargetDependency;
			target = 602E72532FCCC63E0011373C /* IsolationNSLock */;
			targetProxy = 602E725E2FCCC63E0011373C /* PBXContainerItemProxy */;
		};
		602E72612FCCC63E0011373C /* PBXTargetDependency */ = {
			isa = PBXTargetDependency;
			target = 609020452FAE1B42008D0ECD /* Isolation */;
			targetProxy = 602E72602FCCC63E0011373C /* PBXContainerItemProxy */;
		};
		602E72662FCCC63E0011373C /* PBXTargetDependency */ = {
			isa = PBXTargetDependency;
			target = 602E72532FCCC63E0011373C /* IsolationNSLock */;
			targetProxy = 602E72652FCCC63E0011373C /* PBXContainerItemProxy */;
		};
		602E72832FCCC7DE0011373C /* PBXTargetDependency */ = {
			isa = PBXTargetDependency;
			target = 602E72772FCCC7DE0011373C /* IsolationOSAllocatedUnfairLock */;
			targetProxy = 602E72822FCCC7DE0011373C /* PBXContainerItemProxy */;
		};
		602E72852FCCC7DE0011373C /* PBXTargetDependency */ = {
			isa = PBXTargetDependency;
			target = 609020452FAE1B42008D0ECD /* Isolation */;
			targetProxy = 602E72842FCCC7DE0011373C /* PBXContainerItemProxy */;
		};
		602E728A2FCCC7DE0011373C /* PBXTargetDependency */ = {
			isa = PBXTargetDependency;
			target = 602E72772FCCC7DE0011373C /* IsolationOSAllocatedUnfairLock */;
			targetProxy = 602E72892FCCC7DE0011373C /* PBXContainerItemProxy */;
		};
		6090205E2FAE1B43008D0ECD /* PBXTargetDependency */ = {
			isa = PBXTargetDependency;
			target = 609020452FAE1B42008D0ECD /* Isolation */;
			targetProxy = 6090205D2FAE1B43008D0ECD /* PBXContainerItemProxy */;
		};
/* End PBXTargetDependency section */

/* Begin XCBuildConfiguration section */
		601E1F312FC21721007EFC26 /* Debug */ = {
			isa = XCBuildConfiguration;
			buildSettings = {
				BUILD_LIBRARY_FOR_DISTRIBUTION = YES;
				CODE_SIGN_STYLE = Manual;
				CURRENT_PROJECT_VERSION = 1;
				DEVELOPMENT_TEAM = "";
				DYLIB_COMPATIBILITY_VERSION = 1;
				DYLIB_CURRENT_VERSION = 1;
				DYLIB_INSTALL_NAME_BASE = "@rpath";
				ENABLE_MODULE_VERIFIER = YES;
				GENERATE_INFOPLIST_FILE = YES;
				INFOPLIST_KEY_NSHumanReadableCopyright = "";
				INSTALL_PATH = "$(LOCAL_LIBRARY_DIR)/Frameworks";
				IPHONEOS_DEPLOYMENT_TARGET = 26.5;
				LD_RUNPATH_SEARCH_PATHS = (
					"$(inherited)",
					"@executable_path/Frameworks",
					"@loader_path/Frameworks",
				);
				MARKETING_VERSION = 1.0;
				MODULE_VERIFIER_SUPPORTED_LANGUAGES = "objective-c objective-c++";
				MODULE_VERIFIER_SUPPORTED_LANGUAGE_STANDARDS = "gnu17 gnu++20";
				PRODUCT_BUNDLE_IDENTIFIER = com.opentable.PFDependencyInjection;
				PRODUCT_NAME = "$(TARGET_NAME:c99extidentifier)";
				PROVISIONING_PROFILE_SPECIFIER = "";
				SKIP_INSTALL = YES;
				STRING_CATALOG_GENERATE_SYMBOLS = YES;
				SUPPORTED_PLATFORMS = "iphoneos iphonesimulator";
				SUPPORTS_MACCATALYST = NO;
				SUPPORTS_MAC_DESIGNED_FOR_IPHONE_IPAD = NO;
				SUPPORTS_XR_DESIGNED_FOR_IPHONE_IPAD = NO;
				SWIFT_APPROACHABLE_CONCURRENCY = YES;
				SWIFT_EMIT_LOC_STRINGS = YES;
				SWIFT_INSTALL_MODULE = YES;
				SWIFT_INSTALL_OBJC_HEADER = NO;
				SWIFT_UPCOMING_FEATURE_MEMBER_IMPORT_VISIBILITY = YES;
				SWIFT_VERSION = 5.0;
				TARGETED_DEVICE_FAMILY = 1;
				VERSIONING_SYSTEM = "apple-generic";
				VERSION_INFO_PREFIX = "";
			};
			name = Debug;
		};
		601E1F322FC21721007EFC26 /* Release */ = {
			isa = XCBuildConfiguration;
			buildSettings = {
				BUILD_LIBRARY_FOR_DISTRIBUTION = YES;
				CODE_SIGN_STYLE = Manual;
				CURRENT_PROJECT_VERSION = 1;
				DEVELOPMENT_TEAM = "";
				DYLIB_COMPATIBILITY_VERSION = 1;
				DYLIB_CURRENT_VERSION = 1;
				DYLIB_INSTALL_NAME_BASE = "@rpath";
				ENABLE_MODULE_VERIFIER = YES;
				GENERATE_INFOPLIST_FILE = YES;
				INFOPLIST_KEY_NSHumanReadableCopyright = "";
				INSTALL_PATH = "$(LOCAL_LIBRARY_DIR)/Frameworks";
				IPHONEOS_DEPLOYMENT_TARGET = 26.5;
				LD_RUNPATH_SEARCH_PATHS = (
					"$(inherited)",
					"@executable_path/Frameworks",
					"@loader_path/Frameworks",
				);
				MARKETING_VERSION = 1.0;
				MODULE_VERIFIER_SUPPORTED_LANGUAGES = "objective-c objective-c++";
				MODULE_VERIFIER_SUPPORTED_LANGUAGE_STANDARDS = "gnu17 gnu++20";
				PRODUCT_BUNDLE_IDENTIFIER = com.opentable.PFDependencyInjection;
				PRODUCT_NAME = "$(TARGET_NAME:c99extidentifier)";
				PROVISIONING_PROFILE_SPECIFIER = "";
				SKIP_INSTALL = YES;
				STRING_CATALOG_GENERATE_SYMBOLS = YES;
				SUPPORTED_PLATFORMS = "iphoneos iphonesimulator";
				SUPPORTS_MACCATALYST = NO;
				SUPPORTS_MAC_DESIGNED_FOR_IPHONE_IPAD = NO;
				SUPPORTS_XR_DESIGNED_FOR_IPHONE_IPAD = NO;
				SWIFT_APPROACHABLE_CONCURRENCY = YES;
				SWIFT_EMIT_LOC_STRINGS = YES;
				SWIFT_INSTALL_MODULE = YES;
				SWIFT_INSTALL_OBJC_HEADER = NO;
				SWIFT_UPCOMING_FEATURE_MEMBER_IMPORT_VISIBILITY = YES;
				SWIFT_VERSION = 5.0;
				TARGETED_DEVICE_FAMILY = 1;
				VERSIONING_SYSTEM = "apple-generic";
				VERSION_INFO_PREFIX = "";
			};
			name = Release;
		};
		601E1F352FC21721007EFC26 /* Debug */ = {
			isa = XCBuildConfiguration;
			buildSettings = {
				CODE_SIGN_STYLE = Manual;
				CURRENT_PROJECT_VERSION = 1;
				DEVELOPMENT_TEAM = "";
				GENERATE_INFOPLIST_FILE = YES;
				IPHONEOS_DEPLOYMENT_TARGET = 26.5;
				MARKETING_VERSION = 1.0;
				PRODUCT_BUNDLE_IDENTIFIER = com.opentable.PFDependencyInjectionTests;
				PRODUCT_NAME = "$(TARGET_NAME)";
				PROVISIONING_PROFILE_SPECIFIER = "";
				STRING_CATALOG_GENERATE_SYMBOLS = NO;
				SUPPORTED_PLATFORMS = "iphoneos iphonesimulator";
				SUPPORTS_MACCATALYST = NO;
				SUPPORTS_MAC_DESIGNED_FOR_IPHONE_IPAD = NO;
				SUPPORTS_XR_DESIGNED_FOR_IPHONE_IPAD = NO;
				SWIFT_APPROACHABLE_CONCURRENCY = YES;
				SWIFT_EMIT_LOC_STRINGS = NO;
				SWIFT_UPCOMING_FEATURE_MEMBER_IMPORT_VISIBILITY = YES;
				SWIFT_VERSION = 5.0;
				TARGETED_DEVICE_FAMILY = 1;
				TEST_HOST = "$(BUILT_PRODUCTS_DIR)/Isolation.app/$(BUNDLE_EXECUTABLE_FOLDER_PATH)/Isolation";
			};
			name = Debug;
		};
		601E1F362FC21721007EFC26 /* Release */ = {
			isa = XCBuildConfiguration;
			buildSettings = {
				CODE_SIGN_STYLE = Manual;
				CURRENT_PROJECT_VERSION = 1;
				DEVELOPMENT_TEAM = "";
				GENERATE_INFOPLIST_FILE = YES;
				IPHONEOS_DEPLOYMENT_TARGET = 26.5;
				MARKETING_VERSION = 1.0;
				PRODUCT_BUNDLE_IDENTIFIER = com.opentable.PFDependencyInjectionTests;
				PRODUCT_NAME = "$(TARGET_NAME)";
				PROVISIONING_PROFILE_SPECIFIER = "";
				STRING_CATALOG_GENERATE_SYMBOLS = NO;
				SUPPORTED_PLATFORMS = "iphoneos iphonesimulator";
				SUPPORTS_MACCATALYST = NO;
				SUPPORTS_MAC_DESIGNED_FOR_IPHONE_IPAD = NO;
				SUPPORTS_XR_DESIGNED_FOR_IPHONE_IPAD = NO;
				SWIFT_APPROACHABLE_CONCURRENCY = YES;
				SWIFT_EMIT_LOC_STRINGS = NO;
				SWIFT_UPCOMING_FEATURE_MEMBER_IMPORT_VISIBILITY = YES;
				SWIFT_VERSION = 5.0;
				TARGETED_DEVICE_FAMILY = 1;
				TEST_HOST = "$(BUILT_PRODUCTS_DIR)/Isolation.app/$(BUNDLE_EXECUTABLE_FOLDER_PATH)/Isolation";
			};
			name = Release;
		};
		601E1F5F2FC34DD0007EFC26 /* Debug */ = {
			isa = XCBuildConfiguration;
			buildSettings = {
				BUILD_LIBRARY_FOR_DISTRIBUTION = YES;
				CODE_SIGN_STYLE = Manual;
				CURRENT_PROJECT_VERSION = 1;
				DEVELOPMENT_TEAM = "";
				DYLIB_COMPATIBILITY_VERSION = 1;
				DYLIB_CURRENT_VERSION = 1;
				DYLIB_INSTALL_NAME_BASE = "@rpath";
				ENABLE_MODULE_VERIFIER = YES;
				GENERATE_INFOPLIST_FILE = YES;
				INFOPLIST_KEY_NSHumanReadableCopyright = "";
				INSTALL_PATH = "$(LOCAL_LIBRARY_DIR)/Frameworks";
				IPHONEOS_DEPLOYMENT_TARGET = 26.5;
				LD_RUNPATH_SEARCH_PATHS = (
					"$(inherited)",
					"@executable_path/Frameworks",
					"@loader_path/Frameworks",
				);
				MARKETING_VERSION = 1.0;
				MODULE_VERIFIER_SUPPORTED_LANGUAGES = "objective-c objective-c++";
				MODULE_VERIFIER_SUPPORTED_LANGUAGE_STANDARDS = "gnu17 gnu++20";
				PRODUCT_BUNDLE_IDENTIFIER = com.opentable.IndirectInstantiation;
				PRODUCT_NAME = "$(TARGET_NAME:c99extidentifier)";
				PROVISIONING_PROFILE_SPECIFIER = "";
				SKIP_INSTALL = YES;
				STRING_CATALOG_GENERATE_SYMBOLS = YES;
				SUPPORTED_PLATFORMS = "iphoneos iphonesimulator";
				SUPPORTS_MACCATALYST = NO;
				SUPPORTS_MAC_DESIGNED_FOR_IPHONE_IPAD = NO;
				SUPPORTS_XR_DESIGNED_FOR_IPHONE_IPAD = NO;
				SWIFT_APPROACHABLE_CONCURRENCY = YES;
				SWIFT_EMIT_LOC_STRINGS = YES;
				SWIFT_INSTALL_MODULE = YES;
				SWIFT_INSTALL_OBJC_HEADER = NO;
				SWIFT_UPCOMING_FEATURE_MEMBER_IMPORT_VISIBILITY = YES;
				SWIFT_VERSION = 6.0;
				TARGETED_DEVICE_FAMILY = 1;
				VERSIONING_SYSTEM = "apple-generic";
				VERSION_INFO_PREFIX = "";
			};
			name = Debug;
		};
		601E1F602FC34DD0007EFC26 /* Release */ = {
			isa = XCBuildConfiguration;
			buildSettings = {
				BUILD_LIBRARY_FOR_DISTRIBUTION = YES;
				CODE_SIGN_STYLE = Manual;
				CURRENT_PROJECT_VERSION = 1;
				DEVELOPMENT_TEAM = "";
				DYLIB_COMPATIBILITY_VERSION = 1;
				DYLIB_CURRENT_VERSION = 1;
				DYLIB_INSTALL_NAME_BASE = "@rpath";
				ENABLE_MODULE_VERIFIER = YES;
				GENERATE_INFOPLIST_FILE = YES;
				INFOPLIST_KEY_NSHumanReadableCopyright = "";
				INSTALL_PATH = "$(LOCAL_LIBRARY_DIR)/Frameworks";
				IPHONEOS_DEPLOYMENT_TARGET = 26.5;
				LD_RUNPATH_SEARCH_PATHS = (
					"$(inherited)",
					"@executable_path/Frameworks",
					"@loader_path/Frameworks",
				);
				MARKETING_VERSION = 1.0;
				MODULE_VERIFIER_SUPPORTED_LANGUAGES = "objective-c objective-c++";
				MODULE_VERIFIER_SUPPORTED_LANGUAGE_STANDARDS = "gnu17 gnu++20";
				PRODUCT_BUNDLE_IDENTIFIER = com.opentable.IndirectInstantiation;
				PRODUCT_NAME = "$(TARGET_NAME:c99extidentifier)";
				PROVISIONING_PROFILE_SPECIFIER = "";
				SKIP_INSTALL = YES;
				STRING_CATALOG_GENERATE_SYMBOLS = YES;
				SUPPORTED_PLATFORMS = "iphoneos iphonesimulator";
				SUPPORTS_MACCATALYST = NO;
				SUPPORTS_MAC_DESIGNED_FOR_IPHONE_IPAD = NO;
				SUPPORTS_XR_DESIGNED_FOR_IPHONE_IPAD = NO;
				SWIFT_APPROACHABLE_CONCURRENCY = YES;
				SWIFT_EMIT_LOC_STRINGS = YES;
				SWIFT_INSTALL_MODULE = YES;
				SWIFT_INSTALL_OBJC_HEADER = NO;
				SWIFT_UPCOMING_FEATURE_MEMBER_IMPORT_VISIBILITY = YES;
				SWIFT_VERSION = 6.0;
				TARGETED_DEVICE_FAMILY = 1;
				VERSIONING_SYSTEM = "apple-generic";
				VERSION_INFO_PREFIX = "";
			};
			name = Release;
		};
		601E1F622FC34DD0007EFC26 /* Debug */ = {
			isa = XCBuildConfiguration;
			buildSettings = {
				CODE_SIGN_STYLE = Manual;
				CURRENT_PROJECT_VERSION = 1;
				DEVELOPMENT_TEAM = "";
				GENERATE_INFOPLIST_FILE = YES;
				IPHONEOS_DEPLOYMENT_TARGET = 26.5;
				MARKETING_VERSION = 1.0;
				PRODUCT_BUNDLE_IDENTIFIER = com.opentable.IndirectInstantiationTests;
				PRODUCT_NAME = "$(TARGET_NAME)";
				PROVISIONING_PROFILE_SPECIFIER = "";
				STRING_CATALOG_GENERATE_SYMBOLS = NO;
				SUPPORTED_PLATFORMS = "iphoneos iphonesimulator";
				SUPPORTS_MACCATALYST = NO;
				SUPPORTS_MAC_DESIGNED_FOR_IPHONE_IPAD = NO;
				SUPPORTS_XR_DESIGNED_FOR_IPHONE_IPAD = NO;
				SWIFT_APPROACHABLE_CONCURRENCY = YES;
				SWIFT_EMIT_LOC_STRINGS = NO;
				SWIFT_UPCOMING_FEATURE_MEMBER_IMPORT_VISIBILITY = YES;
				SWIFT_VERSION = 6.0;
				TARGETED_DEVICE_FAMILY = 1;
				TEST_HOST = "$(BUILT_PRODUCTS_DIR)/Isolation.app/$(BUNDLE_EXECUTABLE_FOLDER_PATH)/Isolation";
			};
			name = Debug;
		};
		601E1F632FC34DD0007EFC26 /* Release */ = {
			isa = XCBuildConfiguration;
			buildSettings = {
				CODE_SIGN_STYLE = Manual;
				CURRENT_PROJECT_VERSION = 1;
				DEVELOPMENT_TEAM = "";
				GENERATE_INFOPLIST_FILE = YES;
				IPHONEOS_DEPLOYMENT_TARGET = 26.5;
				MARKETING_VERSION = 1.0;
				PRODUCT_BUNDLE_IDENTIFIER = com.opentable.IndirectInstantiationTests;
				PRODUCT_NAME = "$(TARGET_NAME)";
				PROVISIONING_PROFILE_SPECIFIER = "";
				STRING_CATALOG_GENERATE_SYMBOLS = NO;
				SUPPORTED_PLATFORMS = "iphoneos iphonesimulator";
				SUPPORTS_MACCATALYST = NO;
				SUPPORTS_MAC_DESIGNED_FOR_IPHONE_IPAD = NO;
				SUPPORTS_XR_DESIGNED_FOR_IPHONE_IPAD = NO;
				SWIFT_APPROACHABLE_CONCURRENCY = YES;
				SWIFT_EMIT_LOC_STRINGS = NO;
				SWIFT_UPCOMING_FEATURE_MEMBER_IMPORT_VISIBILITY = YES;
				SWIFT_VERSION = 6.0;
				TARGETED_DEVICE_FAMILY = 1;
				TEST_HOST = "$(BUILT_PRODUCTS_DIR)/Isolation.app/$(BUNDLE_EXECUTABLE_FOLDER_PATH)/Isolation";
			};
			name = Release;
		};
		602E726A2FCCC63E0011373C /* Debug */ = {
			isa = XCBuildConfiguration;
			buildSettings = {
				BUILD_LIBRARY_FOR_DISTRIBUTION = YES;
				CODE_SIGN_STYLE = Automatic;
				CURRENT_PROJECT_VERSION = 1;
				DEVELOPMENT_TEAM = "";
				DYLIB_COMPATIBILITY_VERSION = 1;
				DYLIB_CURRENT_VERSION = 1;
				DYLIB_INSTALL_NAME_BASE = "@rpath";
				ENABLE_MODULE_VERIFIER = YES;
				GENERATE_INFOPLIST_FILE = YES;
				INFOPLIST_KEY_NSHumanReadableCopyright = "";
				INSTALL_PATH = "$(LOCAL_LIBRARY_DIR)/Frameworks";
				IPHONEOS_DEPLOYMENT_TARGET = 26.5;
				LD_RUNPATH_SEARCH_PATHS = (
					"$(inherited)",
					"@executable_path/Frameworks",
					"@loader_path/Frameworks",
				);
				MARKETING_VERSION = 1.0;
				MODULE_VERIFIER_SUPPORTED_LANGUAGES = "objective-c objective-c++";
				MODULE_VERIFIER_SUPPORTED_LANGUAGE_STANDARDS = "gnu17 gnu++20";
				PRODUCT_BUNDLE_IDENTIFIER = com.kasrababaei.IsolationNSLock;
				PRODUCT_NAME = "$(TARGET_NAME:c99extidentifier)";
				SKIP_INSTALL = YES;
				STRING_CATALOG_GENERATE_SYMBOLS = YES;
				SWIFT_APPROACHABLE_CONCURRENCY = YES;
				SWIFT_EMIT_LOC_STRINGS = YES;
				SWIFT_INSTALL_MODULE = YES;
				SWIFT_INSTALL_OBJC_HEADER = NO;
				SWIFT_UPCOMING_FEATURE_MEMBER_IMPORT_VISIBILITY = YES;
				SWIFT_VERSION = 5.0;
				TARGETED_DEVICE_FAMILY = "1,2";
				VERSIONING_SYSTEM = "apple-generic";
				VERSION_INFO_PREFIX = "";
			};
			name = Debug;
		};
		602E726B2FCCC63E0011373C /* Release */ = {
			isa = XCBuildConfiguration;
			buildSettings = {
				BUILD_LIBRARY_FOR_DISTRIBUTION = YES;
				CODE_SIGN_STYLE = Automatic;
				CURRENT_PROJECT_VERSION = 1;
				DEVELOPMENT_TEAM = "";
				DYLIB_COMPATIBILITY_VERSION = 1;
				DYLIB_CURRENT_VERSION = 1;
				DYLIB_INSTALL_NAME_BASE = "@rpath";
				ENABLE_MODULE_VERIFIER = YES;
				GENERATE_INFOPLIST_FILE = YES;
				INFOPLIST_KEY_NSHumanReadableCopyright = "";
				INSTALL_PATH = "$(LOCAL_LIBRARY_DIR)/Frameworks";
				IPHONEOS_DEPLOYMENT_TARGET = 26.5;
				LD_RUNPATH_SEARCH_PATHS = (
					"$(inherited)",
					"@executable_path/Frameworks",
					"@loader_path/Frameworks",
				);
				MARKETING_VERSION = 1.0;
				MODULE_VERIFIER_SUPPORTED_LANGUAGES = "objective-c objective-c++";
				MODULE_VERIFIER_SUPPORTED_LANGUAGE_STANDARDS = "gnu17 gnu++20";
				PRODUCT_BUNDLE_IDENTIFIER = com.kasrababaei.IsolationNSLock;
				PRODUCT_NAME = "$(TARGET_NAME:c99extidentifier)";
				SKIP_INSTALL = YES;
				STRING_CATALOG_GENERATE_SYMBOLS = YES;
				SWIFT_APPROACHABLE_CONCURRENCY = YES;
				SWIFT_EMIT_LOC_STRINGS = YES;
				SWIFT_INSTALL_MODULE = YES;
				SWIFT_INSTALL_OBJC_HEADER = NO;
				SWIFT_UPCOMING_FEATURE_MEMBER_IMPORT_VISIBILITY = YES;
				SWIFT_VERSION = 5.0;
				TARGETED_DEVICE_FAMILY = "1,2";
				VERSIONING_SYSTEM = "apple-generic";
				VERSION_INFO_PREFIX = "";
			};
			name = Release;
		};
		602E726D2FCCC63E0011373C /* Debug */ = {
			isa = XCBuildConfiguration;
			buildSettings = {
				CODE_SIGN_STYLE = Automatic;
				CURRENT_PROJECT_VERSION = 1;
				DEVELOPMENT_TEAM = FJ6MFU6M33;
				GENERATE_INFOPLIST_FILE = YES;
				IPHONEOS_DEPLOYMENT_TARGET = 26.5;
				MARKETING_VERSION = 1.0;
				PRODUCT_BUNDLE_IDENTIFIER = com.kasrababaei.IsolationNSLockTests;
				PRODUCT_NAME = "$(TARGET_NAME)";
				STRING_CATALOG_GENERATE_SYMBOLS = NO;
				SWIFT_APPROACHABLE_CONCURRENCY = YES;
				SWIFT_EMIT_LOC_STRINGS = NO;
				SWIFT_UPCOMING_FEATURE_MEMBER_IMPORT_VISIBILITY = YES;
				SWIFT_VERSION = 5.0;
				TARGETED_DEVICE_FAMILY = "1,2";
				TEST_HOST = "$(BUILT_PRODUCTS_DIR)/Isolation.app/$(BUNDLE_EXECUTABLE_FOLDER_PATH)/Isolation";
			};
			name = Debug;
		};
		602E726E2FCCC63E0011373C /* Release */ = {
			isa = XCBuildConfiguration;
			buildSettings = {
				CODE_SIGN_STYLE = Automatic;
				CURRENT_PROJECT_VERSION = 1;
				DEVELOPMENT_TEAM = FJ6MFU6M33;
				GENERATE_INFOPLIST_FILE = YES;
				IPHONEOS_DEPLOYMENT_TARGET = 26.5;
				MARKETING_VERSION = 1.0;
				PRODUCT_BUNDLE_IDENTIFIER = com.kasrababaei.IsolationNSLockTests;
				PRODUCT_NAME = "$(TARGET_NAME)";
				STRING_CATALOG_GENERATE_SYMBOLS = NO;
				SWIFT_APPROACHABLE_CONCURRENCY = YES;
				SWIFT_EMIT_LOC_STRINGS = NO;
				SWIFT_UPCOMING_FEATURE_MEMBER_IMPORT_VISIBILITY = YES;
				SWIFT_VERSION = 5.0;
				TARGETED_DEVICE_FAMILY = "1,2";
				TEST_HOST = "$(BUILT_PRODUCTS_DIR)/Isolation.app/$(BUNDLE_EXECUTABLE_FOLDER_PATH)/Isolation";
			};
			name = Release;
		};
		602E728E2FCCC7DE0011373C /* Debug */ = {
			isa = XCBuildConfiguration;
			buildSettings = {
				BUILD_LIBRARY_FOR_DISTRIBUTION = YES;
				CODE_SIGN_STYLE = Automatic;
				CURRENT_PROJECT_VERSION = 1;
				DEVELOPMENT_TEAM = "";
				DYLIB_COMPATIBILITY_VERSION = 1;
				DYLIB_CURRENT_VERSION = 1;
				DYLIB_INSTALL_NAME_BASE = "@rpath";
				ENABLE_MODULE_VERIFIER = YES;
				GENERATE_INFOPLIST_FILE = YES;
				INFOPLIST_KEY_NSHumanReadableCopyright = "";
				INSTALL_PATH = "$(LOCAL_LIBRARY_DIR)/Frameworks";
				IPHONEOS_DEPLOYMENT_TARGET = 26.5;
				LD_RUNPATH_SEARCH_PATHS = (
					"$(inherited)",
					"@executable_path/Frameworks",
					"@loader_path/Frameworks",
				);
				MARKETING_VERSION = 1.0;
				MODULE_VERIFIER_SUPPORTED_LANGUAGES = "objective-c objective-c++";
				MODULE_VERIFIER_SUPPORTED_LANGUAGE_STANDARDS = "gnu17 gnu++20";
				PRODUCT_BUNDLE_IDENTIFIER = com.kasrababaei.IsolationOSAllocatedUnfairLock;
				PRODUCT_NAME = "$(TARGET_NAME:c99extidentifier)";
				SKIP_INSTALL = YES;
				STRING_CATALOG_GENERATE_SYMBOLS = YES;
				SWIFT_APPROACHABLE_CONCURRENCY = YES;
				SWIFT_EMIT_LOC_STRINGS = YES;
				SWIFT_INSTALL_MODULE = YES;
				SWIFT_INSTALL_OBJC_HEADER = NO;
				SWIFT_UPCOMING_FEATURE_MEMBER_IMPORT_VISIBILITY = YES;
				SWIFT_VERSION = 5.0;
				TARGETED_DEVICE_FAMILY = "1,2";
				VERSIONING_SYSTEM = "apple-generic";
				VERSION_INFO_PREFIX = "";
			};
			name = Debug;
		};
		602E728F2FCCC7DE0011373C /* Release */ = {
			isa = XCBuildConfiguration;
			buildSettings = {
				BUILD_LIBRARY_FOR_DISTRIBUTION = YES;
				CODE_SIGN_STYLE = Automatic;
				CURRENT_PROJECT_VERSION = 1;
				DEVELOPMENT_TEAM = "";
				DYLIB_COMPATIBILITY_VERSION = 1;
				DYLIB_CURRENT_VERSION = 1;
				DYLIB_INSTALL_NAME_BASE = "@rpath";
				ENABLE_MODULE_VERIFIER = YES;
				GENERATE_INFOPLIST_FILE = YES;
				INFOPLIST_KEY_NSHumanReadableCopyright = "";
				INSTALL_PATH = "$(LOCAL_LIBRARY_DIR)/Frameworks";
				IPHONEOS_DEPLOYMENT_TARGET = 26.5;
				LD_RUNPATH_SEARCH_PATHS = (
					"$(inherited)",
					"@executable_path/Frameworks",
					"@loader_path/Frameworks",
				);
				MARKETING_VERSION = 1.0;
				MODULE_VERIFIER_SUPPORTED_LANGUAGES = "objective-c objective-c++";
				MODULE_VERIFIER_SUPPORTED_LANGUAGE_STANDARDS = "gnu17 gnu++20";
				PRODUCT_BUNDLE_IDENTIFIER = com.kasrababaei.IsolationOSAllocatedUnfairLock;
				PRODUCT_NAME = "$(TARGET_NAME:c99extidentifier)";
				SKIP_INSTALL = YES;
				STRING_CATALOG_GENERATE_SYMBOLS = YES;
				SWIFT_APPROACHABLE_CONCURRENCY = YES;
				SWIFT_EMIT_LOC_STRINGS = YES;
				SWIFT_INSTALL_MODULE = YES;
				SWIFT_INSTALL_OBJC_HEADER = NO;
				SWIFT_UPCOMING_FEATURE_MEMBER_IMPORT_VISIBILITY = YES;
				SWIFT_VERSION = 5.0;
				TARGETED_DEVICE_FAMILY = "1,2";
				VERSIONING_SYSTEM = "apple-generic";
				VERSION_INFO_PREFIX = "";
			};
			name = Release;
		};
		602E72912FCCC7DE0011373C /* Debug */ = {
			isa = XCBuildConfiguration;
			buildSettings = {
				CODE_SIGN_STYLE = Automatic;
				CURRENT_PROJECT_VERSION = 1;
				DEVELOPMENT_TEAM = FJ6MFU6M33;
				GENERATE_INFOPLIST_FILE = YES;
				IPHONEOS_DEPLOYMENT_TARGET = 26.5;
				MARKETING_VERSION = 1.0;
				PRODUCT_BUNDLE_IDENTIFIER = com.kasrababaei.IsolationOSAllocatedUnfairLockTests;
				PRODUCT_NAME = "$(TARGET_NAME)";
				STRING_CATALOG_GENERATE_SYMBOLS = NO;
				SWIFT_APPROACHABLE_CONCURRENCY = YES;
				SWIFT_EMIT_LOC_STRINGS = NO;
				SWIFT_UPCOMING_FEATURE_MEMBER_IMPORT_VISIBILITY = YES;
				SWIFT_VERSION = 5.0;
				TARGETED_DEVICE_FAMILY = "1,2";
				TEST_HOST = "$(BUILT_PRODUCTS_DIR)/Isolation.app/$(BUNDLE_EXECUTABLE_FOLDER_PATH)/Isolation";
			};
			name = Debug;
		};
		602E72922FCCC7DE0011373C /* Release */ = {
			isa = XCBuildConfiguration;
			buildSettings = {
				CODE_SIGN_STYLE = Automatic;
				CURRENT_PROJECT_VERSION = 1;
				DEVELOPMENT_TEAM = FJ6MFU6M33;
				GENERATE_INFOPLIST_FILE = YES;
				IPHONEOS_DEPLOYMENT_TARGET = 26.5;
				MARKETING_VERSION = 1.0;
				PRODUCT_BUNDLE_IDENTIFIER = com.kasrababaei.IsolationOSAllocatedUnfairLockTests;
				PRODUCT_NAME = "$(TARGET_NAME)";
				STRING_CATALOG_GENERATE_SYMBOLS = NO;
				SWIFT_APPROACHABLE_CONCURRENCY = YES;
				SWIFT_EMIT_LOC_STRINGS = NO;
				SWIFT_UPCOMING_FEATURE_MEMBER_IMPORT_VISIBILITY = YES;
				SWIFT_VERSION = 5.0;
				TARGETED_DEVICE_FAMILY = "1,2";
				TEST_HOST = "$(BUILT_PRODUCTS_DIR)/Isolation.app/$(BUNDLE_EXECUTABLE_FOLDER_PATH)/Isolation";
			};
			name = Release;
		};
		609020702FAE1B43008D0ECD /* Debug */ = {
			isa = XCBuildConfiguration;
			buildSettings = {
				ASSETCATALOG_COMPILER_APPICON_NAME = AppIcon;
				ASSETCATALOG_COMPILER_GLOBAL_ACCENT_COLOR_NAME = AccentColor;
				CODE_SIGN_STYLE = Manual;
				CURRENT_PROJECT_VERSION = 1;
				DEVELOPMENT_TEAM = "";
				GENERATE_INFOPLIST_FILE = YES;
				INFOPLIST_FILE = Isolation/Info.plist;
				INFOPLIST_KEY_UIApplicationSupportsIndirectInputEvents = YES;
				INFOPLIST_KEY_UILaunchStoryboardName = LaunchScreen;
				INFOPLIST_KEY_UIMainStoryboardFile = Main;
				INFOPLIST_KEY_UISupportedInterfaceOrientations = UIInterfaceOrientationPortrait;
				LD_RUNPATH_SEARCH_PATHS = (
					"$(inherited)",
					"@executable_path/Frameworks",
				);
				MARKETING_VERSION = 1.0;
				PRODUCT_BUNDLE_IDENTIFIER = com.opentable.Isolation;
				PRODUCT_NAME = "$(TARGET_NAME)";
				PROVISIONING_PROFILE_SPECIFIER = "";
				STRING_CATALOG_GENERATE_SYMBOLS = YES;
				SUPPORTED_PLATFORMS = "iphoneos iphonesimulator";
				SUPPORTS_MACCATALYST = NO;
				SUPPORTS_MAC_DESIGNED_FOR_IPHONE_IPAD = NO;
				SUPPORTS_XR_DESIGNED_FOR_IPHONE_IPAD = NO;
				SWIFT_APPROACHABLE_CONCURRENCY = NO;
				SWIFT_DEFAULT_ACTOR_ISOLATION = nonisolated;
				SWIFT_EMIT_LOC_STRINGS = YES;
				SWIFT_UPCOMING_FEATURE_MEMBER_IMPORT_VISIBILITY = YES;
				SWIFT_VERSION = 6.0;
				TARGETED_DEVICE_FAMILY = 1;
			};
			name = Debug;
		};
		609020712FAE1B43008D0ECD /* Release */ = {
			isa = XCBuildConfiguration;
			buildSettings = {
				ASSETCATALOG_COMPILER_APPICON_NAME = AppIcon;
				ASSETCATALOG_COMPILER_GLOBAL_ACCENT_COLOR_NAME = AccentColor;
				CODE_SIGN_STYLE = Manual;
				CURRENT_PROJECT_VERSION = 1;
				DEVELOPMENT_TEAM = "";
				GENERATE_INFOPLIST_FILE = YES;
				INFOPLIST_FILE = Isolation/Info.plist;
				INFOPLIST_KEY_UIApplicationSupportsIndirectInputEvents = YES;
				INFOPLIST_KEY_UILaunchStoryboardName = LaunchScreen;
				INFOPLIST_KEY_UIMainStoryboardFile = Main;
				INFOPLIST_KEY_UISupportedInterfaceOrientations = UIInterfaceOrientationPortrait;
				LD_RUNPATH_SEARCH_PATHS = (
					"$(inherited)",
					"@executable_path/Frameworks",
				);
				MARKETING_VERSION = 1.0;
				PRODUCT_BUNDLE_IDENTIFIER = com.opentable.Isolation;
				PRODUCT_NAME = "$(TARGET_NAME)";
				PROVISIONING_PROFILE_SPECIFIER = "";
				STRING_CATALOG_GENERATE_SYMBOLS = YES;
				SUPPORTED_PLATFORMS = "iphoneos iphonesimulator";
				SUPPORTS_MACCATALYST = NO;
				SUPPORTS_MAC_DESIGNED_FOR_IPHONE_IPAD = NO;
				SUPPORTS_XR_DESIGNED_FOR_IPHONE_IPAD = NO;
				SWIFT_APPROACHABLE_CONCURRENCY = NO;
				SWIFT_DEFAULT_ACTOR_ISOLATION = nonisolated;
				SWIFT_EMIT_LOC_STRINGS = YES;
				SWIFT_UPCOMING_FEATURE_MEMBER_IMPORT_VISIBILITY = YES;
				SWIFT_VERSION = 6.0;
				TARGETED_DEVICE_FAMILY = 1;
			};
			name = Release;
		};
		609020722FAE1B43008D0ECD /* Debug */ = {
			isa = XCBuildConfiguration;
			buildSettings = {
				ALWAYS_SEARCH_USER_PATHS = NO;
				ASSETCATALOG_COMPILER_GENERATE_SWIFT_ASSET_SYMBOL_EXTENSIONS = YES;
				CLANG_ANALYZER_NONNULL = YES;
				CLANG_ANALYZER_NUMBER_OBJECT_CONVERSION = YES_AGGRESSIVE;
				CLANG_CXX_LANGUAGE_STANDARD = "gnu++20";
				CLANG_ENABLE_MODULES = YES;
				CLANG_ENABLE_OBJC_ARC = YES;
				CLANG_ENABLE_OBJC_WEAK = YES;
				CLANG_WARN_BLOCK_CAPTURE_AUTORELEASING = YES;
				CLANG_WARN_BOOL_CONVERSION = YES;
				CLANG_WARN_COMMA = YES;
				CLANG_WARN_CONSTANT_CONVERSION = YES;
				CLANG_WARN_DEPRECATED_OBJC_IMPLEMENTATIONS = YES;
				CLANG_WARN_DIRECT_OBJC_ISA_USAGE = YES_ERROR;
				CLANG_WARN_DOCUMENTATION_COMMENTS = YES;
				CLANG_WARN_EMPTY_BODY = YES;
				CLANG_WARN_ENUM_CONVERSION = YES;
				CLANG_WARN_INFINITE_RECURSION = YES;
				CLANG_WARN_INT_CONVERSION = YES;
				CLANG_WARN_NON_LITERAL_NULL_CONVERSION = YES;
				CLANG_WARN_OBJC_IMPLICIT_RETAIN_SELF = YES;
				CLANG_WARN_OBJC_LITERAL_CONVERSION = YES;
				CLANG_WARN_OBJC_ROOT_CLASS = YES_ERROR;
				CLANG_WARN_QUOTED_INCLUDE_IN_FRAMEWORK_HEADER = YES;
				CLANG_WARN_RANGE_LOOP_ANALYSIS = YES;
				CLANG_WARN_STRICT_PROTOTYPES = YES;
				CLANG_WARN_SUSPICIOUS_MOVE = YES;
				CLANG_WARN_UNGUARDED_AVAILABILITY = YES_AGGRESSIVE;
				CLANG_WARN_UNREACHABLE_CODE = YES;
				CLANG_WARN__DUPLICATE_METHOD_MATCH = YES;
				COPY_PHASE_STRIP = NO;
				DEBUG_INFORMATION_FORMAT = dwarf;
				DEVELOPMENT_TEAM = QPU8QS3E62;
				ENABLE_STRICT_OBJC_MSGSEND = YES;
				ENABLE_TESTABILITY = YES;
				ENABLE_USER_SCRIPT_SANDBOXING = YES;
				GCC_C_LANGUAGE_STANDARD = gnu17;
				GCC_DYNAMIC_NO_PIC = NO;
				GCC_NO_COMMON_BLOCKS = YES;
				GCC_OPTIMIZATION_LEVEL = 0;
				GCC_PREPROCESSOR_DEFINITIONS = (
					"DEBUG=1",
					"$(inherited)",
				);
				GCC_WARN_64_TO_32_BIT_CONVERSION = YES;
				GCC_WARN_ABOUT_RETURN_TYPE = YES_ERROR;
				GCC_WARN_UNDECLARED_SELECTOR = YES;
				GCC_WARN_UNINITIALIZED_AUTOS = YES_AGGRESSIVE;
				GCC_WARN_UNUSED_FUNCTION = YES;
				GCC_WARN_UNUSED_VARIABLE = YES;
				IPHONEOS_DEPLOYMENT_TARGET = 26.4;
				LOCALIZATION_PREFERS_STRING_CATALOGS = YES;
				MTL_ENABLE_DEBUG_INFO = INCLUDE_SOURCE;
				MTL_FAST_MATH = YES;
				ONLY_ACTIVE_ARCH = YES;
				SDKROOT = iphoneos;
				SWIFT_ACTIVE_COMPILATION_CONDITIONS = "DEBUG $(inherited)";
				SWIFT_OPTIMIZATION_LEVEL = "-Onone";
				SWIFT_VERSION = 6.0;
			};
			name = Debug;
		};
		609020732FAE1B43008D0ECD /* Release */ = {
			isa = XCBuildConfiguration;
			buildSettings = {
				ALWAYS_SEARCH_USER_PATHS = NO;
				ASSETCATALOG_COMPILER_GENERATE_SWIFT_ASSET_SYMBOL_EXTENSIONS = YES;
				CLANG_ANALYZER_NONNULL = YES;
				CLANG_ANALYZER_NUMBER_OBJECT_CONVERSION = YES_AGGRESSIVE;
				CLANG_CXX_LANGUAGE_STANDARD = "gnu++20";
				CLANG_ENABLE_MODULES = YES;
				CLANG_ENABLE_OBJC_ARC = YES;
				CLANG_ENABLE_OBJC_WEAK = YES;
				CLANG_WARN_BLOCK_CAPTURE_AUTORELEASING = YES;
				CLANG_WARN_BOOL_CONVERSION = YES;
				CLANG_WARN_COMMA = YES;
				CLANG_WARN_CONSTANT_CONVERSION = YES;
				CLANG_WARN_DEPRECATED_OBJC_IMPLEMENTATIONS = YES;
				CLANG_WARN_DIRECT_OBJC_ISA_USAGE = YES_ERROR;
				CLANG_WARN_DOCUMENTATION_COMMENTS = YES;
				CLANG_WARN_EMPTY_BODY = YES;
				CLANG_WARN_ENUM_CONVERSION = YES;
				CLANG_WARN_INFINITE_RECURSION = YES;
				CLANG_WARN_INT_CONVERSION = YES;
				CLANG_WARN_NON_LITERAL_NULL_CONVERSION = YES;
				CLANG_WARN_OBJC_IMPLICIT_RETAIN_SELF = YES;
				CLANG_WARN_OBJC_LITERAL_CONVERSION = YES;
				CLANG_WARN_OBJC_ROOT_CLASS = YES_ERROR;
				CLANG_WARN_QUOTED_INCLUDE_IN_FRAMEWORK_HEADER = YES;
				CLANG_WARN_RANGE_LOOP_ANALYSIS = YES;
				CLANG_WARN_STRICT_PROTOTYPES = YES;
				CLANG_WARN_SUSPICIOUS_MOVE = YES;
				CLANG_WARN_UNGUARDED_AVAILABILITY = YES_AGGRESSIVE;
				CLANG_WARN_UNREACHABLE_CODE = YES;
				CLANG_WARN__DUPLICATE_METHOD_MATCH = YES;
				COPY_PHASE_STRIP = NO;
				DEBUG_INFORMATION_FORMAT = "dwarf-with-dsym";
				DEVELOPMENT_TEAM = QPU8QS3E62;
				ENABLE_NS_ASSERTIONS = NO;
				ENABLE_STRICT_OBJC_MSGSEND = YES;
				ENABLE_USER_SCRIPT_SANDBOXING = YES;
				GCC_C_LANGUAGE_STANDARD = gnu17;
				GCC_NO_COMMON_BLOCKS = YES;
				GCC_WARN_64_TO_32_BIT_CONVERSION = YES;
				GCC_WARN_ABOUT_RETURN_TYPE = YES_ERROR;
				GCC_WARN_UNDECLARED_SELECTOR = YES;
				GCC_WARN_UNINITIALIZED_AUTOS = YES_AGGRESSIVE;
				GCC_WARN_UNUSED_FUNCTION = YES;
				GCC_WARN_UNUSED_VARIABLE = YES;
				IPHONEOS_DEPLOYMENT_TARGET = 26.4;
				LOCALIZATION_PREFERS_STRING_CATALOGS = YES;
				MTL_ENABLE_DEBUG_INFO = NO;
				MTL_FAST_MATH = YES;
				SDKROOT = iphoneos;
				SWIFT_COMPILATION_MODE = wholemodule;
				SWIFT_VERSION = 6.0;
				VALIDATE_PRODUCT = YES;
			};
			name = Release;
		};
		609020752FAE1B43008D0ECD /* Debug */ = {
			isa = XCBuildConfiguration;
			buildSettings = {
				BUNDLE_LOADER = "$(TEST_HOST)";
				CODE_SIGN_STYLE = Manual;
				CURRENT_PROJECT_VERSION = 1;
				DEVELOPMENT_TEAM = "";
				GENERATE_INFOPLIST_FILE = YES;
				IPHONEOS_DEPLOYMENT_TARGET = 26.4;
				MARKETING_VERSION = 1.0;
				PRODUCT_BUNDLE_IDENTIFIER = com.opentable.IsolationTests;
				PRODUCT_NAME = "$(TARGET_NAME)";
				PROVISIONING_PROFILE_SPECIFIER = "";
				STRING_CATALOG_GENERATE_SYMBOLS = NO;
				SUPPORTED_PLATFORMS = "iphoneos iphonesimulator";
				SUPPORTS_MACCATALYST = NO;
				SUPPORTS_MAC_DESIGNED_FOR_IPHONE_IPAD = NO;
				SUPPORTS_XR_DESIGNED_FOR_IPHONE_IPAD = NO;
				SWIFT_APPROACHABLE_CONCURRENCY = YES;
				SWIFT_EMIT_LOC_STRINGS = NO;
				SWIFT_UPCOMING_FEATURE_MEMBER_IMPORT_VISIBILITY = YES;
				SWIFT_VERSION = 5.0;
				TARGETED_DEVICE_FAMILY = 1;
				TEST_HOST = "$(BUILT_PRODUCTS_DIR)/Isolation.app/$(BUNDLE_EXECUTABLE_FOLDER_PATH)/Isolation";
			};
			name = Debug;
		};
		609020762FAE1B43008D0ECD /* Release */ = {
			isa = XCBuildConfiguration;
			buildSettings = {
				BUNDLE_LOADER = "$(TEST_HOST)";
				CODE_SIGN_STYLE = Manual;
				CURRENT_PROJECT_VERSION = 1;
				DEVELOPMENT_TEAM = "";
				GENERATE_INFOPLIST_FILE = YES;
				IPHONEOS_DEPLOYMENT_TARGET = 26.4;
				MARKETING_VERSION = 1.0;
				PRODUCT_BUNDLE_IDENTIFIER = com.opentable.IsolationTests;
				PRODUCT_NAME = "$(TARGET_NAME)";
				PROVISIONING_PROFILE_SPECIFIER = "";
				STRING_CATALOG_GENERATE_SYMBOLS = NO;
				SUPPORTED_PLATFORMS = "iphoneos iphonesimulator";
				SUPPORTS_MACCATALYST = NO;
				SUPPORTS_MAC_DESIGNED_FOR_IPHONE_IPAD = NO;
				SUPPORTS_XR_DESIGNED_FOR_IPHONE_IPAD = NO;
				SWIFT_APPROACHABLE_CONCURRENCY = YES;
				SWIFT_EMIT_LOC_STRINGS = NO;
				SWIFT_UPCOMING_FEATURE_MEMBER_IMPORT_VISIBILITY = YES;
				SWIFT_VERSION = 5.0;
				TARGETED_DEVICE_FAMILY = 1;
				TEST_HOST = "$(BUILT_PRODUCTS_DIR)/Isolation.app/$(BUNDLE_EXECUTABLE_FOLDER_PATH)/Isolation";
			};
			name = Release;
		};
/* End XCBuildConfiguration section */

/* Begin XCConfigurationList section */
		601E1F302FC21721007EFC26 /* Build configuration list for PBXNativeTarget "PFDependencyInjection" */ = {
			isa = XCConfigurationList;
			buildConfigurations = (
				601E1F312FC21721007EFC26 /* Debug */,
				601E1F322FC21721007EFC26 /* Release */,
			);
			defaultConfigurationIsVisible = 0;
			defaultConfigurationName = Release;
		};
		601E1F342FC21721007EFC26 /* Build configuration list for PBXNativeTarget "PFDependencyInjectionTests" */ = {
			isa = XCConfigurationList;
			buildConfigurations = (
				601E1F352FC21721007EFC26 /* Debug */,
				601E1F362FC21721007EFC26 /* Release */,
			);
			defaultConfigurationIsVisible = 0;
			defaultConfigurationName = Release;
		};
		601E1F5E2FC34DD0007EFC26 /* Build configuration list for PBXNativeTarget "IndirectInstantiation" */ = {
			isa = XCConfigurationList;
			buildConfigurations = (
				601E1F5F2FC34DD0007EFC26 /* Debug */,
				601E1F602FC34DD0007EFC26 /* Release */,
			);
			defaultConfigurationIsVisible = 0;
			defaultConfigurationName = Release;
		};
		601E1F612FC34DD0007EFC26 /* Build configuration list for PBXNativeTarget "IndirectInstantiationTests" */ = {
			isa = XCConfigurationList;
			buildConfigurations = (
				601E1F622FC34DD0007EFC26 /* Debug */,
				601E1F632FC34DD0007EFC26 /* Release */,
			);
			defaultConfigurationIsVisible = 0;
			defaultConfigurationName = Release;
		};
		602E72692FCCC63E0011373C /* Build configuration list for PBXNativeTarget "IsolationNSLock" */ = {
			isa = XCConfigurationList;
			buildConfigurations = (
				602E726A2FCCC63E0011373C /* Debug */,
				602E726B2FCCC63E0011373C /* Release */,
			);
			defaultConfigurationIsVisible = 0;
			defaultConfigurationName = Release;
		};
		602E726C2FCCC63E0011373C /* Build configuration list for PBXNativeTarget "IsolationNSLockTests" */ = {
			isa = XCConfigurationList;
			buildConfigurations = (
				602E726D2FCCC63E0011373C /* Debug */,
				602E726E2FCCC63E0011373C /* Release */,
			);
			defaultConfigurationIsVisible = 0;
			defaultConfigurationName = Release;
		};
		602E728D2FCCC7DE0011373C /* Build configuration list for PBXNativeTarget "IsolationOSAllocatedUnfairLock" */ = {
			isa = XCConfigurationList;
			buildConfigurations = (
				602E728E2FCCC7DE0011373C /* Debug */,
				602E728F2FCCC7DE0011373C /* Release */,
			);
			defaultConfigurationIsVisible = 0;
			defaultConfigurationName = Release;
		};
		602E72902FCCC7DE0011373C /* Build configuration list for PBXNativeTarget "IsolationOSAllocatedUnfairLockTests" */ = {
			isa = XCConfigurationList;
			buildConfigurations = (
				602E72912FCCC7DE0011373C /* Debug */,
				602E72922FCCC7DE0011373C /* Release */,
			);
			defaultConfigurationIsVisible = 0;
			defaultConfigurationName = Release;
		};
		609020412FAE1B42008D0ECD /* Build configuration list for PBXProject "Isolation" */ = {
			isa = XCConfigurationList;
			buildConfigurations = (
				609020722FAE1B43008D0ECD /* Debug */,
				609020732FAE1B43008D0ECD /* Release */,
			);
			defaultConfigurationIsVisible = 0;
			defaultConfigurationName = Release;
		};
		6090206F2FAE1B43008D0ECD /* Build configuration list for PBXNativeTarget "Isolation" */ = {
			isa = XCConfigurationList;
			buildConfigurations = (
				609020702FAE1B43008D0ECD /* Debug */,
				609020712FAE1B43008D0ECD /* Release */,
			);
			defaultConfigurationIsVisible = 0;
			defaultConfigurationName = Release;
		};
		609020742FAE1B43008D0ECD /* Build configuration list for PBXNativeTarget "IsolationTests" */ = {
			isa = XCConfigurationList;
			buildConfigurations = (
				609020752FAE1B43008D0ECD /* Debug */,
				609020762FAE1B43008D0ECD /* Release */,
			);
			defaultConfigurationIsVisible = 0;
			defaultConfigurationName = Release;
		};
/* End XCConfigurationList section */

/* Begin XCRemoteSwiftPackageReference section */
		601E1F372FC21757007EFC26 /* XCRemoteSwiftPackageReference "swift-dependencies" */ = {
			isa = XCRemoteSwiftPackageReference;
			repositoryURL = "https://github.com/pointfreeco/swift-dependencies.git";
			requirement = {
				kind = exactVersion;
				version = 1.12.0;
			};
		};
/* End XCRemoteSwiftPackageReference section */

/* Begin XCSwiftPackageProductDependency section */
		601E1F382FC21757007EFC26 /* Dependencies */ = {
			isa = XCSwiftPackageProductDependency;
			package = 601E1F372FC21757007EFC26 /* XCRemoteSwiftPackageReference "swift-dependencies" */;
			productName = Dependencies;
		};
		601E1F3A2FC21757007EFC26 /* DependenciesMacros */ = {
			isa = XCSwiftPackageProductDependency;
			package = 601E1F372FC21757007EFC26 /* XCRemoteSwiftPackageReference "swift-dependencies" */;
			productName = DependenciesMacros;
		};
		601E1F3C2FC21757007EFC26 /* DependenciesTestSupport */ = {
			isa = XCSwiftPackageProductDependency;
			package = 601E1F372FC21757007EFC26 /* XCRemoteSwiftPackageReference "swift-dependencies" */;
			productName = DependenciesTestSupport;
		};
/* End XCSwiftPackageProductDependency section */
	};
	rootObject = 6090203E2FAE1B42008D0ECD /* Project object */;
}
